
Microsoft Visual Studio Solution File, Format Version 12.00
# Visual Studio Version 16
VisualStudioVersion = 16.0.30517.126
MinimumVisualStudioVersion = 10.0.40219.1
Project("{FAE04EC0-301F-11D3-BF4B-00C04F79EFBC}") = "DelegatesDemoProject", "DelegatesDemoProject\DelegatesDemoProject.csproj", "{CF1345D5-E6EF-4361-8F2D-BF58C5DE7ECB}"
EndProject
Global
	GlobalSection(SolutionConfigurationPlatforms) = preSolution
		Debug|Any CPU = Debug|Any CPU
		Release|Any CPU = Release|Any CPU
	EndGlobalSection
	GlobalSection(ProjectConfigurationPlatforms) = postSolution
		{CF1345D5-E6EF-4361-8F2D-BF58C5DE7ECB}.Debug|Any CPU.ActiveCfg = Debug|Any CPU
		{CF1345D5-E6EF-4361-8F2D-BF58C5DE7ECB}.Debug|Any CPU.Build.0 = Debug|Any CPU
		{CF1345D5-E6EF-4361-8F2D-BF58C5DE7ECB}.Release|Any CPU.ActiveCfg = Release|Any CPU
		{CF1345D5-E6EF-4361-8F2D-BF58C5DE7ECB}.Release|Any CPU.Build.0 = Release|Any CPU
	EndGlobalSection
	GlobalSection(SolutionProperties) = preSolution
		HideSolutionNode = FALSE
	EndGlobalSection
	GlobalSection(ExtensibilityGlobals) = postSolution
		SolutionGuid = {97FBC654-CA4E-4BC6-9F3C-67329750B414}
	EndGlobalSection
EndGlobal
